
Microsoft Visual Studio Solution File, Format Version 12.00
# Visual Studio Version 17
VisualStudioVersion = 17.7.34221.43
MinimumVisualStudioVersion = 10.0.40219.1
Project("{FAE04EC0-301F-11D3-BF4B-00C04F79EFBC}") = "MATH", "Math\MATH.csproj", "{ABCBE6D0-DB53-485D-A0FF-864E6A0F7DEC}"
EndProject
Global
	GlobalSection(SolutionConfigurationPlatforms) = preSolution
		Debug|Any CPU = Debug|Any CPU
		Release|Any CPU = Release|Any CPU
	EndGlobalSection
	GlobalSection(ProjectConfigurationPlatforms) = postSolution
		{ABCBE6D0-DB53-485D-A0FF-864E6A0F7DEC}.Debug|Any CPU.ActiveCfg = Debug|Any CPU
		{ABCBE6D0-DB53-485D-A0FF-864E6A0F7DEC}.Debug|Any CPU.Build.0 = Debug|Any CPU
		{ABCBE6D0-DB53-485D-A0FF-864E6A0F7DEC}.Release|Any CPU.ActiveCfg = Release|Any CPU
		{ABCBE6D0-DB53-485D-A0FF-864E6A0F7DEC}.Release|Any CPU.Build.0 = Release|Any CPU
	EndGlobalSection
	GlobalSection(SolutionProperties) = preSolution
		HideSolutionNode = FALSE
	EndGlobalSection
	GlobalSection(ExtensibilityGlobals) = postSolution
		SolutionGuid = {CAD4DDC6-BB7A-4C91-877F-099BC8CBE16F}
	EndGlobalSection
EndGlobal
