
Microsoft Visual Studio Solution File, Format Version 12.00
# Visual Studio Version 17
VisualStudioVersion = 17.7.34221.43
MinimumVisualStudioVersion = 10.0.40219.1
Project("{FAE04EC0-301F-11D3-BF4B-00C04F79EFBC}") = "If_IfElse_IfElseIfAndNestedIfStatement", "If_IfElse_IfElseIfAndNestedIfStatement\If_IfElse_IfElseIfAndNestedIfStatement.csproj", "{93D23A1D-5401-473F-BA08-F5F556F0D979}"
EndProject
Global
	GlobalSection(SolutionConfigurationPlatforms) = preSolution
		Debug|Any CPU = Debug|Any CPU
		Release|Any CPU = Release|Any CPU
	EndGlobalSection
	GlobalSection(ProjectConfigurationPlatforms) = postSolution
		{93D23A1D-5401-473F-BA08-F5F556F0D979}.Debug|Any CPU.ActiveCfg = Debug|Any CPU
		{93D23A1D-5401-473F-BA08-F5F556F0D979}.Debug|Any CPU.Build.0 = Debug|Any CPU
		{93D23A1D-5401-473F-BA08-F5F556F0D979}.Release|Any CPU.ActiveCfg = Release|Any CPU
		{93D23A1D-5401-473F-BA08-F5F556F0D979}.Release|Any CPU.Build.0 = Release|Any CPU
	EndGlobalSection
	GlobalSection(SolutionProperties) = preSolution
		HideSolutionNode = FALSE
	EndGlobalSection
	GlobalSection(ExtensibilityGlobals) = postSolution
		SolutionGuid = {8675D0C3-1856-4735-94B3-B723943DEE15}
	EndGlobalSection
EndGlobal
