
Microsoft Visual Studio Solution File, Format Version 12.00
# Visual Studio Version 17
VisualStudioVersion = 17.7.34221.43
MinimumVisualStudioVersion = 10.0.40219.1
Project("{FAE04EC0-301F-11D3-BF4B-00C04F79EFBC}") = "ForEachLoop", "ForEachLoop\ForEachLoop.csproj", "{AEF77375-0D7D-4C03-AA55-FD98B04849B4}"
EndProject
Global
	GlobalSection(SolutionConfigurationPlatforms) = preSolution
		Debug|Any CPU = Debug|Any CPU
		Release|Any CPU = Release|Any CPU
	EndGlobalSection
	GlobalSection(ProjectConfigurationPlatforms) = postSolution
		{AEF77375-0D7D-4C03-AA55-FD98B04849B4}.Debug|Any CPU.ActiveCfg = Debug|Any CPU
		{AEF77375-0D7D-4C03-AA55-FD98B04849B4}.Debug|Any CPU.Build.0 = Debug|Any CPU
		{AEF77375-0D7D-4C03-AA55-FD98B04849B4}.Release|Any CPU.ActiveCfg = Release|Any CPU
		{AEF77375-0D7D-4C03-AA55-FD98B04849B4}.Release|Any CPU.Build.0 = Release|Any CPU
	EndGlobalSection
	GlobalSection(SolutionProperties) = preSolution
		HideSolutionNode = FALSE
	EndGlobalSection
	GlobalSection(ExtensibilityGlobals) = postSolution
		SolutionGuid = {AE23E185-63FC-48C3-B025-87F43F23BFB5}
	EndGlobalSection
EndGlobal
