
Microsoft Visual Studio Solution File, Format Version 12.00
# Visual Studio Version 17
VisualStudioVersion = 17.7.34221.43
MinimumVisualStudioVersion = 10.0.40219.1
Project("{FAE04EC0-301F-11D3-BF4B-00C04F79EFBC}") = "UserInputAndNumbers", "UserInputAndNumbers\UserInputAndNumbers.csproj", "{B9900178-4507-4BF7-86DE-02435D645A6E}"
EndProject
Global
	GlobalSection(SolutionConfigurationPlatforms) = preSolution
		Debug|Any CPU = Debug|Any CPU
		Release|Any CPU = Release|Any CPU
	EndGlobalSection
	GlobalSection(ProjectConfigurationPlatforms) = postSolution
		{B9900178-4507-4BF7-86DE-02435D645A6E}.Debug|Any CPU.ActiveCfg = Debug|Any CPU
		{B9900178-4507-4BF7-86DE-02435D645A6E}.Debug|Any CPU.Build.0 = Debug|Any CPU
		{B9900178-4507-4BF7-86DE-02435D645A6E}.Release|Any CPU.ActiveCfg = Release|Any CPU
		{B9900178-4507-4BF7-86DE-02435D645A6E}.Release|Any CPU.Build.0 = Release|Any CPU
	EndGlobalSection
	GlobalSection(SolutionProperties) = preSolution
		HideSolutionNode = FALSE
	EndGlobalSection
	GlobalSection(ExtensibilityGlobals) = postSolution
		SolutionGuid = {EAE0C741-DF35-418D-BF16-9901B01919A1}
	EndGlobalSection
EndGlobal
