
Microsoft Visual Studio Solution File, Format Version 12.00
# Visual Studio Version 17
VisualStudioVersion = 17.7.34221.43
MinimumVisualStudioVersion = 10.0.40219.1
Project("{FAE04EC0-301F-11D3-BF4B-00C04F79EFBC}") = "Method Parameters", "Method Parameters\Method Parameters.csproj", "{2B5D3312-E7BF-459A-84F6-217824591F73}"
EndProject
Global
	GlobalSection(SolutionConfigurationPlatforms) = preSolution
		Debug|Any CPU = Debug|Any CPU
		Release|Any CPU = Release|Any CPU
	EndGlobalSection
	GlobalSection(ProjectConfigurationPlatforms) = postSolution
		{2B5D3312-E7BF-459A-84F6-217824591F73}.Debug|Any CPU.ActiveCfg = Debug|Any CPU
		{2B5D3312-E7BF-459A-84F6-217824591F73}.Debug|Any CPU.Build.0 = Debug|Any CPU
		{2B5D3312-E7BF-459A-84F6-217824591F73}.Release|Any CPU.ActiveCfg = Release|Any CPU
		{2B5D3312-E7BF-459A-84F6-217824591F73}.Release|Any CPU.Build.0 = Release|Any CPU
	EndGlobalSection
	GlobalSection(SolutionProperties) = preSolution
		HideSolutionNode = FALSE
	EndGlobalSection
	GlobalSection(ExtensibilityGlobals) = postSolution
		SolutionGuid = {E40A7646-4CEE-4D81-B7A7-B661AC60C466}
	EndGlobalSection
EndGlobal
