
Microsoft Visual Studio Solution File, Format Version 12.00
# Visual Studio Version 17
VisualStudioVersion = 17.7.34221.43
MinimumVisualStudioVersion = 10.0.40219.1
Project("{FAE04EC0-301F-11D3-BF4B-00C04F79EFBC}") = "StringInterpolation", "StringInterpolation\StringInterpolation.csproj", "{8ACD6A7F-412F-418B-A579-29CDB852FB3D}"
EndProject
Global
	GlobalSection(SolutionConfigurationPlatforms) = preSolution
		Debug|Any CPU = Debug|Any CPU
		Release|Any CPU = Release|Any CPU
	EndGlobalSection
	GlobalSection(ProjectConfigurationPlatforms) = postSolution
		{8ACD6A7F-412F-418B-A579-29CDB852FB3D}.Debug|Any CPU.ActiveCfg = Debug|Any CPU
		{8ACD6A7F-412F-418B-A579-29CDB852FB3D}.Debug|Any CPU.Build.0 = Debug|Any CPU
		{8ACD6A7F-412F-418B-A579-29CDB852FB3D}.Release|Any CPU.ActiveCfg = Release|Any CPU
		{8ACD6A7F-412F-418B-A579-29CDB852FB3D}.Release|Any CPU.Build.0 = Release|Any CPU
	EndGlobalSection
	GlobalSection(SolutionProperties) = preSolution
		HideSolutionNode = FALSE
	EndGlobalSection
	GlobalSection(ExtensibilityGlobals) = postSolution
		SolutionGuid = {426FDDCD-3EED-4153-854D-22AE5E663513}
	EndGlobalSection
EndGlobal
